
Microsoft Visual Studio Solution File, Format Version 11.00
# Visual Studio 2010
Project("{FAE04EC0-301F-11D3-BF4B-00C04F79EFBC}") = "Screen Recorder", "Screen Recorder\Screen Recorder.csproj", "{3181B1A0-58C1-4DA7-88FB-72882B45426C}"
EndProject
Global
	GlobalSection(SolutionConfigurationPlatforms) = preSolution
		Debug|x86 = Debug|x86
		Release|x86 = Release|x86
	EndGlobalSection
	GlobalSection(ProjectConfigurationPlatforms) = postSolution
		{3181B1A0-58C1-4DA7-88FB-72882B45426C}.Debug|x86.ActiveCfg = Debug|x86
		{3181B1A0-58C1-4DA7-88FB-72882B45426C}.Debug|x86.Build.0 = Debug|x86
		{3181B1A0-58C1-4DA7-88FB-72882B45426C}.Release|x86.ActiveCfg = Release|x86
		{3181B1A0-58C1-4DA7-88FB-72882B45426C}.Release|x86.Build.0 = Release|x86
	EndGlobalSection
	GlobalSection(SolutionProperties) = preSolution
		HideSolutionNode = FALSE
	EndGlobalSection
EndGlobal
